
Microsoft Visual Studio Solution File, Format Version 12.00
# Visual Studio 2013
VisualStudioVersion = 12.0.21005.1
MinimumVisualStudioVersion = 10.0.40219.1
Project("{FAE04EC0-301F-11D3-BF4B-00C04F79EFBC}") = "BSFramework", "BSFramework\BSFramework.csproj", "{0A9DB21A-C975-41DA-8869-C1B2D5F77FA8}"
EndProject
Project("{2150E333-8FDC-42A3-9474-1A3956D46DE8}") = "1展现层", "1展现层", "{92F0F9C0-6C39-426D-8949-DE077B447D3D}"
EndProject
Global
	GlobalSection(SolutionConfigurationPlatforms) = preSolution
		Debug|Any CPU = Debug|Any CPU
		Release|Any CPU = Release|Any CPU
	EndGlobalSection
	GlobalSection(ProjectConfigurationPlatforms) = postSolution
		{0A9DB21A-C975-41DA-8869-C1B2D5F77FA8}.Debug|Any CPU.ActiveCfg = Debug|Any CPU
		{0A9DB21A-C975-41DA-8869-C1B2D5F77FA8}.Debug|Any CPU.Build.0 = Debug|Any CPU
		{0A9DB21A-C975-41DA-8869-C1B2D5F77FA8}.Release|Any CPU.ActiveCfg = Release|Any CPU
		{0A9DB21A-C975-41DA-8869-C1B2D5F77FA8}.Release|Any CPU.Build.0 = Release|Any CPU
	EndGlobalSection
	GlobalSection(SolutionProperties) = preSolution
		HideSolutionNode = FALSE
	EndGlobalSection
	GlobalSection(NestedProjects) = preSolution
		{0A9DB21A-C975-41DA-8869-C1B2D5F77FA8} = {92F0F9C0-6C39-426D-8949-DE077B447D3D}
	EndGlobalSection
EndGlobal
