
Microsoft Visual Studio Solution File, Format Version 12.00
# Visual Studio 2013
VisualStudioVersion = 12.0.21005.1
MinimumVisualStudioVersion = 10.0.40219.1
Project("{FAE04EC0-301F-11D3-BF4B-00C04F79EFBC}") = "BSFramework", "BSFramework\BSFramework.csproj", "{0A9DB21A-C975-41DA-8869-C1B2D5F77FA8}"
EndProject
Project("{FAE04EC0-301F-11D3-BF4B-00C04F79EFBC}") = "DataBase", "DataBase\DataBase.csproj", "{DA102C57-F2EE-42F7-92F1-CB378091049B}"
EndProject
Project("{FAE04EC0-301F-11D3-BF4B-00C04F79EFBC}") = "DatabaseModels", "DatabaseModels\DatabaseModels.csproj", "{8C49A433-82C2-4DB6-82E4-11DE3741BF98}"
EndProject
Project("{2150E333-8FDC-42A3-9474-1A3956D46DE8}") = "1显示层", "1显示层", "{5A651D54-CC9E-4950-BB73-20AB3981DF98}"
EndProject
Project("{2150E333-8FDC-42A3-9474-1A3956D46DE8}") = "2数据访问层", "2数据访问层", "{EADD0D84-8F9E-4179-80E9-4D93AD5FA272}"
EndProject
Global
	GlobalSection(SolutionConfigurationPlatforms) = preSolution
		Debug|Any CPU = Debug|Any CPU
		Release|Any CPU = Release|Any CPU
	EndGlobalSection
	GlobalSection(ProjectConfigurationPlatforms) = postSolution
		{0A9DB21A-C975-41DA-8869-C1B2D5F77FA8}.Debug|Any CPU.ActiveCfg = Debug|Any CPU
		{0A9DB21A-C975-41DA-8869-C1B2D5F77FA8}.Debug|Any CPU.Build.0 = Debug|Any CPU
		{0A9DB21A-C975-41DA-8869-C1B2D5F77FA8}.Release|Any CPU.ActiveCfg = Release|Any CPU
		{0A9DB21A-C975-41DA-8869-C1B2D5F77FA8}.Release|Any CPU.Build.0 = Release|Any CPU
		{DA102C57-F2EE-42F7-92F1-CB378091049B}.Debug|Any CPU.ActiveCfg = Debug|Any CPU
		{DA102C57-F2EE-42F7-92F1-CB378091049B}.Debug|Any CPU.Build.0 = Debug|Any CPU
		{DA102C57-F2EE-42F7-92F1-CB378091049B}.Release|Any CPU.ActiveCfg = Release|Any CPU
		{DA102C57-F2EE-42F7-92F1-CB378091049B}.Release|Any CPU.Build.0 = Release|Any CPU
		{8C49A433-82C2-4DB6-82E4-11DE3741BF98}.Debug|Any CPU.ActiveCfg = Debug|Any CPU
		{8C49A433-82C2-4DB6-82E4-11DE3741BF98}.Debug|Any CPU.Build.0 = Debug|Any CPU
		{8C49A433-82C2-4DB6-82E4-11DE3741BF98}.Release|Any CPU.ActiveCfg = Release|Any CPU
		{8C49A433-82C2-4DB6-82E4-11DE3741BF98}.Release|Any CPU.Build.0 = Release|Any CPU
	EndGlobalSection
	GlobalSection(SolutionProperties) = preSolution
		HideSolutionNode = FALSE
	EndGlobalSection
	GlobalSection(NestedProjects) = preSolution
		{0A9DB21A-C975-41DA-8869-C1B2D5F77FA8} = {5A651D54-CC9E-4950-BB73-20AB3981DF98}
		{DA102C57-F2EE-42F7-92F1-CB378091049B} = {EADD0D84-8F9E-4179-80E9-4D93AD5FA272}
		{8C49A433-82C2-4DB6-82E4-11DE3741BF98} = {EADD0D84-8F9E-4179-80E9-4D93AD5FA272}
	EndGlobalSection
EndGlobal
