
Microsoft Visual Studio Solution File, Format Version 12.00
# Visual Studio 2013
VisualStudioVersion = 12.0.21005.1
MinimumVisualStudioVersion = 10.0.40219.1
Project("{FAE04EC0-301F-11D3-BF4B-00C04F79EFBC}") = "BSFramework", "BSFramework\BSFramework.csproj", "{0A9DB21A-C975-41DA-8869-C1B2D5F77FA8}"
EndProject
Project("{2150E333-8FDC-42A3-9474-1A3956D46DE8}") = "1基础设施层", "1基础设施层", "{17EAB764-420E-4C62-BE20-9A25F463B50E}"
EndProject
Project("{2150E333-8FDC-42A3-9474-1A3956D46DE8}") = "2业务核心层", "2业务核心层", "{09408F20-8AFA-4535-B71B-FEFB7EEF08F6}"
EndProject
Project("{2150E333-8FDC-42A3-9474-1A3956D46DE8}") = "3应用层", "3应用层", "{5DEED23B-74F6-4451-BCE1-A32065179977}"
EndProject
Project("{2150E333-8FDC-42A3-9474-1A3956D46DE8}") = "4展现层", "4展现层", "{92F0F9C0-6C39-426D-8949-DE077B447D3D}"
EndProject
Project("{FAE04EC0-301F-11D3-BF4B-00C04F79EFBC}") = "BSF.Data", "BSF.Data\BSF.Data.csproj", "{01D263C6-97D8-496F-9E95-CA338F597747}"
EndProject
Project("{FAE04EC0-301F-11D3-BF4B-00C04F79EFBC}") = "BSF.Tools", "BSF.Tools\BSF.Tools.csproj", "{A6DFE374-FD47-482A-B733-852C6D840D34}"
EndProject
Project("{FAE04EC0-301F-11D3-BF4B-00C04F79EFBC}") = "BSF.Core", "BSF.Core\BSF.Core.csproj", "{B9FE21D8-FEA9-4360-AAF4-B7E0417B5956}"
EndProject
Project("{FAE04EC0-301F-11D3-BF4B-00C04F79EFBC}") = "BSF.Core.Data", "BSF.Core.Data\BSF.Core.Data.csproj", "{761686F6-93A6-4313-94D5-29DC65492EC0}"
EndProject
Project("{FAE04EC0-301F-11D3-BF4B-00C04F79EFBC}") = "BSF.Core.Models", "BSF.Core.Models\BSF.Core.Models.csproj", "{CD4A2973-B3C1-4397-8855-A007428B760C}"
EndProject
Project("{FAE04EC0-301F-11D3-BF4B-00C04F79EFBC}") = "BSF.Site", "BSF.Site\BSF.Site.csproj", "{E2A9DD75-367E-4081-8B2B-F736154439B5}"
EndProject
Project("{FAE04EC0-301F-11D3-BF4B-00C04F79EFBC}") = "BSF.Site.Models", "BSF.Site.Models\BSF.Site.Models.csproj", "{4BC52A24-A10E-4255-83D6-BDB028773122}"
EndProject
Global
	GlobalSection(SolutionConfigurationPlatforms) = preSolution
		Debug|Any CPU = Debug|Any CPU
		Release|Any CPU = Release|Any CPU
	EndGlobalSection
	GlobalSection(ProjectConfigurationPlatforms) = postSolution
		{0A9DB21A-C975-41DA-8869-C1B2D5F77FA8}.Debug|Any CPU.ActiveCfg = Debug|Any CPU
		{0A9DB21A-C975-41DA-8869-C1B2D5F77FA8}.Debug|Any CPU.Build.0 = Debug|Any CPU
		{0A9DB21A-C975-41DA-8869-C1B2D5F77FA8}.Release|Any CPU.ActiveCfg = Release|Any CPU
		{0A9DB21A-C975-41DA-8869-C1B2D5F77FA8}.Release|Any CPU.Build.0 = Release|Any CPU
		{01D263C6-97D8-496F-9E95-CA338F597747}.Debug|Any CPU.ActiveCfg = Debug|Any CPU
		{01D263C6-97D8-496F-9E95-CA338F597747}.Debug|Any CPU.Build.0 = Debug|Any CPU
		{01D263C6-97D8-496F-9E95-CA338F597747}.Release|Any CPU.ActiveCfg = Release|Any CPU
		{01D263C6-97D8-496F-9E95-CA338F597747}.Release|Any CPU.Build.0 = Release|Any CPU
		{A6DFE374-FD47-482A-B733-852C6D840D34}.Debug|Any CPU.ActiveCfg = Debug|Any CPU
		{A6DFE374-FD47-482A-B733-852C6D840D34}.Debug|Any CPU.Build.0 = Debug|Any CPU
		{A6DFE374-FD47-482A-B733-852C6D840D34}.Release|Any CPU.ActiveCfg = Release|Any CPU
		{A6DFE374-FD47-482A-B733-852C6D840D34}.Release|Any CPU.Build.0 = Release|Any CPU
		{B9FE21D8-FEA9-4360-AAF4-B7E0417B5956}.Debug|Any CPU.ActiveCfg = Debug|Any CPU
		{B9FE21D8-FEA9-4360-AAF4-B7E0417B5956}.Debug|Any CPU.Build.0 = Debug|Any CPU
		{B9FE21D8-FEA9-4360-AAF4-B7E0417B5956}.Release|Any CPU.ActiveCfg = Release|Any CPU
		{B9FE21D8-FEA9-4360-AAF4-B7E0417B5956}.Release|Any CPU.Build.0 = Release|Any CPU
		{761686F6-93A6-4313-94D5-29DC65492EC0}.Debug|Any CPU.ActiveCfg = Debug|Any CPU
		{761686F6-93A6-4313-94D5-29DC65492EC0}.Debug|Any CPU.Build.0 = Debug|Any CPU
		{761686F6-93A6-4313-94D5-29DC65492EC0}.Release|Any CPU.ActiveCfg = Release|Any CPU
		{761686F6-93A6-4313-94D5-29DC65492EC0}.Release|Any CPU.Build.0 = Release|Any CPU
		{CD4A2973-B3C1-4397-8855-A007428B760C}.Debug|Any CPU.ActiveCfg = Debug|Any CPU
		{CD4A2973-B3C1-4397-8855-A007428B760C}.Debug|Any CPU.Build.0 = Debug|Any CPU
		{CD4A2973-B3C1-4397-8855-A007428B760C}.Release|Any CPU.ActiveCfg = Release|Any CPU
		{CD4A2973-B3C1-4397-8855-A007428B760C}.Release|Any CPU.Build.0 = Release|Any CPU
		{E2A9DD75-367E-4081-8B2B-F736154439B5}.Debug|Any CPU.ActiveCfg = Debug|Any CPU
		{E2A9DD75-367E-4081-8B2B-F736154439B5}.Debug|Any CPU.Build.0 = Debug|Any CPU
		{E2A9DD75-367E-4081-8B2B-F736154439B5}.Release|Any CPU.ActiveCfg = Release|Any CPU
		{E2A9DD75-367E-4081-8B2B-F736154439B5}.Release|Any CPU.Build.0 = Release|Any CPU
		{4BC52A24-A10E-4255-83D6-BDB028773122}.Debug|Any CPU.ActiveCfg = Debug|Any CPU
		{4BC52A24-A10E-4255-83D6-BDB028773122}.Debug|Any CPU.Build.0 = Debug|Any CPU
		{4BC52A24-A10E-4255-83D6-BDB028773122}.Release|Any CPU.ActiveCfg = Release|Any CPU
		{4BC52A24-A10E-4255-83D6-BDB028773122}.Release|Any CPU.Build.0 = Release|Any CPU
	EndGlobalSection
	GlobalSection(SolutionProperties) = preSolution
		HideSolutionNode = FALSE
	EndGlobalSection
	GlobalSection(NestedProjects) = preSolution
		{0A9DB21A-C975-41DA-8869-C1B2D5F77FA8} = {92F0F9C0-6C39-426D-8949-DE077B447D3D}
		{01D263C6-97D8-496F-9E95-CA338F597747} = {17EAB764-420E-4C62-BE20-9A25F463B50E}
		{A6DFE374-FD47-482A-B733-852C6D840D34} = {17EAB764-420E-4C62-BE20-9A25F463B50E}
		{B9FE21D8-FEA9-4360-AAF4-B7E0417B5956} = {09408F20-8AFA-4535-B71B-FEFB7EEF08F6}
		{761686F6-93A6-4313-94D5-29DC65492EC0} = {09408F20-8AFA-4535-B71B-FEFB7EEF08F6}
		{CD4A2973-B3C1-4397-8855-A007428B760C} = {09408F20-8AFA-4535-B71B-FEFB7EEF08F6}
		{E2A9DD75-367E-4081-8B2B-F736154439B5} = {5DEED23B-74F6-4451-BCE1-A32065179977}
		{4BC52A24-A10E-4255-83D6-BDB028773122} = {5DEED23B-74F6-4451-BCE1-A32065179977}
	EndGlobalSection
EndGlobal
